
Microsoft Visual Studio Solution File, Format Version 12.00
# Visual Studio Version 17
VisualStudioVersion = 17.11.35312.102
MinimumVisualStudioVersion = 10.0.40219.1
Project("{9A19103F-16F7-4668-BE54-9A1E7A4F7556}") = "WebAPI", "WebAPI\WebAPI.csproj", "{92AABDDC-92B5-4DB7-A475-7B56F304E125}"
EndProject
Project("{9A19103F-16F7-4668-BE54-9A1E7A4F7556}") = "Suleap_Anca_Lab11", "Suleap_Anca_Lab11\Suleap_Anca_Lab11.csproj", "{D578530B-E574-4F26-8769-27F5DCD464AA}"
EndProject
Global
	GlobalSection(SolutionConfigurationPlatforms) = preSolution
		Debug|Any CPU = Debug|Any CPU
		Release|Any CPU = Release|Any CPU
	EndGlobalSection
	GlobalSection(ProjectConfigurationPlatforms) = postSolution
		{92AABDDC-92B5-4DB7-A475-7B56F304E125}.Debug|Any CPU.ActiveCfg = Debug|Any CPU
		{92AABDDC-92B5-4DB7-A475-7B56F304E125}.Debug|Any CPU.Build.0 = Debug|Any CPU
		{92AABDDC-92B5-4DB7-A475-7B56F304E125}.Release|Any CPU.ActiveCfg = Release|Any CPU
		{92AABDDC-92B5-4DB7-A475-7B56F304E125}.Release|Any CPU.Build.0 = Release|Any CPU
		{D578530B-E574-4F26-8769-27F5DCD464AA}.Debug|Any CPU.ActiveCfg = Debug|Any CPU
		{D578530B-E574-4F26-8769-27F5DCD464AA}.Debug|Any CPU.Build.0 = Debug|Any CPU
		{D578530B-E574-4F26-8769-27F5DCD464AA}.Debug|Any CPU.Deploy.0 = Debug|Any CPU
		{D578530B-E574-4F26-8769-27F5DCD464AA}.Release|Any CPU.ActiveCfg = Release|Any CPU
		{D578530B-E574-4F26-8769-27F5DCD464AA}.Release|Any CPU.Build.0 = Release|Any CPU
		{D578530B-E574-4F26-8769-27F5DCD464AA}.Release|Any CPU.Deploy.0 = Release|Any CPU
	EndGlobalSection
	GlobalSection(SolutionProperties) = preSolution
		HideSolutionNode = FALSE
	EndGlobalSection
	GlobalSection(ExtensibilityGlobals) = postSolution
		SolutionGuid = {495D5146-92B8-4C89-AD2B-8A9115363BA0}
	EndGlobalSection
EndGlobal
